
Microsoft Visual Studio Solution File, Format Version 12.00
# Visual Studio Version 17
VisualStudioVersion = 17.9.34607.119
MinimumVisualStudioVersion = 10.0.40219.1
Project("{9A19103F-16F7-4668-BE54-9A1E7A4F7556}") = "Ex1", "RGR\Ex1.csproj", "{2110BFBD-A5AE-48DC-9A5B-53B50A63DCC7}"
EndProject
Project("{9A19103F-16F7-4668-BE54-9A1E7A4F7556}") = "Ex2", "Ex2\Ex2.csproj", "{3EF37975-DD9E-4EA6-B050-26D46C8FCDB3}"
EndProject
Project("{FAE04EC0-301F-11D3-BF4B-00C04F79EFBC}") = "Ex3", "Ex3\Ex3.csproj", "{F8A8BAB4-FB7D-4D4C-8D5C-56A3618CBC3A}"
EndProject
Project("{FAE04EC0-301F-11D3-BF4B-00C04F79EFBC}") = "Ex4", "Ex4\Ex4.csproj", "{F62610B8-B512-43A0-A633-344186EE4457}"
EndProject
Global
	GlobalSection(SolutionConfigurationPlatforms) = preSolution
		Debug|Any CPU = Debug|Any CPU
		Release|Any CPU = Release|Any CPU
	EndGlobalSection
	GlobalSection(ProjectConfigurationPlatforms) = postSolution
		{2110BFBD-A5AE-48DC-9A5B-53B50A63DCC7}.Debug|Any CPU.ActiveCfg = Debug|Any CPU
		{2110BFBD-A5AE-48DC-9A5B-53B50A63DCC7}.Debug|Any CPU.Build.0 = Debug|Any CPU
		{2110BFBD-A5AE-48DC-9A5B-53B50A63DCC7}.Release|Any CPU.ActiveCfg = Release|Any CPU
		{2110BFBD-A5AE-48DC-9A5B-53B50A63DCC7}.Release|Any CPU.Build.0 = Release|Any CPU
		{3EF37975-DD9E-4EA6-B050-26D46C8FCDB3}.Debug|Any CPU.ActiveCfg = Debug|Any CPU
		{3EF37975-DD9E-4EA6-B050-26D46C8FCDB3}.Debug|Any CPU.Build.0 = Debug|Any CPU
		{3EF37975-DD9E-4EA6-B050-26D46C8FCDB3}.Release|Any CPU.ActiveCfg = Release|Any CPU
		{3EF37975-DD9E-4EA6-B050-26D46C8FCDB3}.Release|Any CPU.Build.0 = Release|Any CPU
		{F8A8BAB4-FB7D-4D4C-8D5C-56A3618CBC3A}.Debug|Any CPU.ActiveCfg = Debug|Any CPU
		{F8A8BAB4-FB7D-4D4C-8D5C-56A3618CBC3A}.Debug|Any CPU.Build.0 = Debug|Any CPU
		{F8A8BAB4-FB7D-4D4C-8D5C-56A3618CBC3A}.Release|Any CPU.ActiveCfg = Release|Any CPU
		{F8A8BAB4-FB7D-4D4C-8D5C-56A3618CBC3A}.Release|Any CPU.Build.0 = Release|Any CPU
		{F62610B8-B512-43A0-A633-344186EE4457}.Debug|Any CPU.ActiveCfg = Debug|Any CPU
		{F62610B8-B512-43A0-A633-344186EE4457}.Debug|Any CPU.Build.0 = Debug|Any CPU
		{F62610B8-B512-43A0-A633-344186EE4457}.Release|Any CPU.ActiveCfg = Release|Any CPU
		{F62610B8-B512-43A0-A633-344186EE4457}.Release|Any CPU.Build.0 = Release|Any CPU
	EndGlobalSection
	GlobalSection(SolutionProperties) = preSolution
		HideSolutionNode = FALSE
	EndGlobalSection
	GlobalSection(ExtensibilityGlobals) = postSolution
		SolutionGuid = {25260A9F-AD2F-4F27-ACC6-05A606DCDCDC}
	EndGlobalSection
EndGlobal
